
Microsoft Visual Studio Solution File, Format Version 12.00
# Visual Studio 15
VisualStudioVersion = 15.0.26430.12
MinimumVisualStudioVersion = 10.0.40219.1
Project("{FAE04EC0-301F-11D3-BF4B-00C04F79EFBC}") = "NumericConversion", "NumericConversion\NumericConversion.csproj", "{30522F51-722B-4D2D-A676-104743B2BECC}"
EndProject
Project("{FAE04EC0-301F-11D3-BF4B-00C04F79EFBC}") = "ConsoleApplication1", "ConsoleApplication1\ConsoleApplication1.csproj", "{4D2B94A3-1B3A-42C5-9F19-D3A5FC84BFFF}"
EndProject
Project("{FAE04EC0-301F-11D3-BF4B-00C04F79EFBC}") = "NumericConversionTest", "NumericConversionTest\NumericConversionTest.csproj", "{EF7523FB-5264-4883-A224-7193644D9C5B}"
EndProject
Global
	GlobalSection(SolutionConfigurationPlatforms) = preSolution
		Debug|Any CPU = Debug|Any CPU
		Release|Any CPU = Release|Any CPU
	EndGlobalSection
	GlobalSection(ProjectConfigurationPlatforms) = postSolution
		{30522F51-722B-4D2D-A676-104743B2BECC}.Debug|Any CPU.ActiveCfg = Debug|Any CPU
		{30522F51-722B-4D2D-A676-104743B2BECC}.Debug|Any CPU.Build.0 = Debug|Any CPU
		{30522F51-722B-4D2D-A676-104743B2BECC}.Release|Any CPU.ActiveCfg = Release|Any CPU
		{30522F51-722B-4D2D-A676-104743B2BECC}.Release|Any CPU.Build.0 = Release|Any CPU
		{4D2B94A3-1B3A-42C5-9F19-D3A5FC84BFFF}.Debug|Any CPU.ActiveCfg = Debug|Any CPU
		{4D2B94A3-1B3A-42C5-9F19-D3A5FC84BFFF}.Debug|Any CPU.Build.0 = Debug|Any CPU
		{4D2B94A3-1B3A-42C5-9F19-D3A5FC84BFFF}.Release|Any CPU.ActiveCfg = Release|Any CPU
		{4D2B94A3-1B3A-42C5-9F19-D3A5FC84BFFF}.Release|Any CPU.Build.0 = Release|Any CPU
		{EF7523FB-5264-4883-A224-7193644D9C5B}.Debug|Any CPU.ActiveCfg = Debug|Any CPU
		{EF7523FB-5264-4883-A224-7193644D9C5B}.Debug|Any CPU.Build.0 = Debug|Any CPU
		{EF7523FB-5264-4883-A224-7193644D9C5B}.Release|Any CPU.ActiveCfg = Release|Any CPU
		{EF7523FB-5264-4883-A224-7193644D9C5B}.Release|Any CPU.Build.0 = Release|Any CPU
	EndGlobalSection
	GlobalSection(SolutionProperties) = preSolution
		HideSolutionNode = FALSE
	EndGlobalSection
EndGlobal
